
Microsoft Visual Studio Solution File, Format Version 12.00
# Visual Studio 14
VisualStudioVersion = 14.0.24720.0
MinimumVisualStudioVersion = 10.0.40219.1
Project("{FAE04EC0-301F-11D3-BF4B-00C04F79EFBC}") = "BudgetTracker", "BudgetTracker\BudgetTracker.csproj", "{D48B822F-CB68-494C-B2C3-C2257EEFA856}"
EndProject
Project("{FAE04EC0-301F-11D3-BF4B-00C04F79EFBC}") = "BudgetItems", "Budget\BudgetItems.csproj", "{C4292748-09E0-4EF8-96EC-5A702ED348BB}"
EndProject
Global
	GlobalSection(SolutionConfigurationPlatforms) = preSolution
		Debug|Any CPU = Debug|Any CPU
		Release|Any CPU = Release|Any CPU
	EndGlobalSection
	GlobalSection(ProjectConfigurationPlatforms) = postSolution
		{D48B822F-CB68-494C-B2C3-C2257EEFA856}.Debug|Any CPU.ActiveCfg = Debug|Any CPU
		{D48B822F-CB68-494C-B2C3-C2257EEFA856}.Debug|Any CPU.Build.0 = Debug|Any CPU
		{D48B822F-CB68-494C-B2C3-C2257EEFA856}.Release|Any CPU.ActiveCfg = Release|Any CPU
		{D48B822F-CB68-494C-B2C3-C2257EEFA856}.Release|Any CPU.Build.0 = Release|Any CPU
		{C4292748-09E0-4EF8-96EC-5A702ED348BB}.Debug|Any CPU.ActiveCfg = Debug|Any CPU
		{C4292748-09E0-4EF8-96EC-5A702ED348BB}.Debug|Any CPU.Build.0 = Debug|Any CPU
		{C4292748-09E0-4EF8-96EC-5A702ED348BB}.Release|Any CPU.ActiveCfg = Release|Any CPU
		{C4292748-09E0-4EF8-96EC-5A702ED348BB}.Release|Any CPU.Build.0 = Release|Any CPU
	EndGlobalSection
	GlobalSection(SolutionProperties) = preSolution
		HideSolutionNode = FALSE
	EndGlobalSection
EndGlobal
