
Microsoft Visual Studio Solution File, Format Version 12.00
# Visual Studio 14
VisualStudioVersion = 14.0.24720.0
MinimumVisualStudioVersion = 10.0.40219.1
Project("{FAE04EC0-301F-11D3-BF4B-00C04F79EFBC}") = "MazeGame", "MazeGame\MazeGame.csproj", "{6ABA9D22-2FB1-4CF1-9C8A-9823308C37DC}"
EndProject
Project("{FAE04EC0-301F-11D3-BF4B-00C04F79EFBC}") = "Objects", "Objects\Objects.csproj", "{8B5CEFD1-1EC2-4752-A113-120B695FCBD9}"
EndProject
Global
	GlobalSection(SolutionConfigurationPlatforms) = preSolution
		Debug|Any CPU = Debug|Any CPU
		Release|Any CPU = Release|Any CPU
	EndGlobalSection
	GlobalSection(ProjectConfigurationPlatforms) = postSolution
		{6ABA9D22-2FB1-4CF1-9C8A-9823308C37DC}.Debug|Any CPU.ActiveCfg = Debug|Any CPU
		{6ABA9D22-2FB1-4CF1-9C8A-9823308C37DC}.Debug|Any CPU.Build.0 = Debug|Any CPU
		{6ABA9D22-2FB1-4CF1-9C8A-9823308C37DC}.Release|Any CPU.ActiveCfg = Release|Any CPU
		{6ABA9D22-2FB1-4CF1-9C8A-9823308C37DC}.Release|Any CPU.Build.0 = Release|Any CPU
		{8B5CEFD1-1EC2-4752-A113-120B695FCBD9}.Debug|Any CPU.ActiveCfg = Debug|Any CPU
		{8B5CEFD1-1EC2-4752-A113-120B695FCBD9}.Debug|Any CPU.Build.0 = Debug|Any CPU
		{8B5CEFD1-1EC2-4752-A113-120B695FCBD9}.Release|Any CPU.ActiveCfg = Release|Any CPU
		{8B5CEFD1-1EC2-4752-A113-120B695FCBD9}.Release|Any CPU.Build.0 = Release|Any CPU
	EndGlobalSection
	GlobalSection(SolutionProperties) = preSolution
		HideSolutionNode = FALSE
	EndGlobalSection
EndGlobal
